
Microsoft Visual Studio Solution File, Format Version 12.00
# Visual Studio 15
VisualStudioVersion = 15.0.28307.852
MinimumVisualStudioVersion = 10.0.40219.1
Project("{8BC9CEB8-8B4A-11D0-8D11-00A0C91BC942}") = "f103-v1", "f103-v1\f103-v1.vcxproj", "{4BD69C3D-017D-4218-91EC-79E52F44A4F8}"
EndProject
Global
	GlobalSection(SolutionConfigurationPlatforms) = preSolution
		Debug|VisualGDB = Debug|VisualGDB
		Release|VisualGDB = Release|VisualGDB
	EndGlobalSection
	GlobalSection(ProjectConfigurationPlatforms) = postSolution
		{4BD69C3D-017D-4218-91EC-79E52F44A4F8}.Debug|VisualGDB.ActiveCfg = Debug|VisualGDB
		{4BD69C3D-017D-4218-91EC-79E52F44A4F8}.Debug|VisualGDB.Build.0 = Debug|VisualGDB
		{4BD69C3D-017D-4218-91EC-79E52F44A4F8}.Release|VisualGDB.ActiveCfg = Release|VisualGDB
		{4BD69C3D-017D-4218-91EC-79E52F44A4F8}.Release|VisualGDB.Build.0 = Release|VisualGDB
	EndGlobalSection
	GlobalSection(SolutionProperties) = preSolution
		HideSolutionNode = FALSE
	EndGlobalSection
	GlobalSection(ExtensibilityGlobals) = postSolution
		SolutionGuid = {B2915284-B1ED-4AAB-82E8-54A4DA8E71C6}
	EndGlobalSection
EndGlobal
