<?xml version="1.0" encoding="utf-8"?>
<Project ToolsVersion="4.0" xmlns="http://schemas.microsoft.com/developer/msbuild/2003">
  <ItemGroup>
    <Filter Include="Source files">
      <UniqueIdentifier>{14c08c13-8379-41bb-8de6-bba90e688396}</UniqueIdentifier>
      <Extensions>cpp;c;cc;cxx;def;odl;idl;hpj;bat;asm;asmx</Extensions>
    </Filter>
    <Filter Include="Header files">
      <UniqueIdentifier>{e1727f89-488b-4ab2-9096-127c7b769112}</UniqueIdentifier>
      <Extensions>h;hpp;hxx;hm;inl;inc;xsd</Extensions>
    </Filter>
    <Filter Include="Resource files">
      <UniqueIdentifier>{5765184e-29da-4838-ab0e-6c14035413cc}</UniqueIdentifier>
      <Extensions>rc;ico;cur;bmp;dlg;rc2;rct;bin;rgs;gif;jpg;jpeg;jpe;resx;tiff;tif;png;wav</Extensions>
    </Filter>
    <Filter Include="Source files\CORE">
      <UniqueIdentifier>{05c42fab-6c31-430c-a4d9-cbb01d11cc2d}</UniqueIdentifier>
    </Filter>
    <Filter Include="Source files\Startup">
      <UniqueIdentifier>{6223d537-ec79-4af1-8b51-7139b0da66f9}</UniqueIdentifier>
    </Filter>
    <Filter Include="Source files\STM32Cube HAL">
      <UniqueIdentifier>{42250111-c7b5-457d-b6a1-b19aca56c764}</UniqueIdentifier>
    </Filter>
    <Filter Include="Source files\STM32Cube HAL\COMMON">
      <UniqueIdentifier>{d3f1d5a4-85b1-452e-b8e6-8e95b91e2a98}</UniqueIdentifier>
    </Filter>
    <Filter Include="Source files\STM32Cube HAL\RCC">
      <UniqueIdentifier>{d8fd6ea4-15e5-49d8-be7b-d8e65c33b0cb}</UniqueIdentifier>
    </Filter>
    <Filter Include="Source files\STM32Cube HAL\CORTEX">
      <UniqueIdentifier>{30dfca8b-224b-4575-be95-a613dfccad65}</UniqueIdentifier>
    </Filter>
    <Filter Include="Source files\STM32Cube HAL\EXTI">
      <UniqueIdentifier>{fca1d028-e8d5-45ee-a7c2-6e07aac01d23}</UniqueIdentifier>
    </Filter>
    <Filter Include="Source files\STM32Cube HAL\TIM">
      <UniqueIdentifier>{3a89ead3-d1b9-45e6-b096-e1b82a108646}</UniqueIdentifier>
    </Filter>
    <Filter Include="Source files\STM32Cube HAL\UART">
      <UniqueIdentifier>{b01beccb-70a8-4608-8419-38693b40e236}</UniqueIdentifier>
    </Filter>
    <Filter Include="Source files\STM32Cube HAL\DMA">
      <UniqueIdentifier>{1a688b0d-3d43-47f3-8f28-d96ed5e22689}</UniqueIdentifier>
    </Filter>
    <Filter Include="Source files\STM32Cube HAL\PWR">
      <UniqueIdentifier>{a48f184a-d468-4990-95d6-e0f928b4b03c}</UniqueIdentifier>
    </Filter>
    <Filter Include="Source files\STM32Cube HAL\I2C">
      <UniqueIdentifier>{fdc40628-f26d-49e6-95ef-de8eeaf51798}</UniqueIdentifier>
    </Filter>
    <Filter Include="Source files\STM32Cube HAL\FLASH">
      <UniqueIdentifier>{2cd6df4d-2f1b-4e35-9f0f-81e1955f7354}</UniqueIdentifier>
    </Filter>
    <Filter Include="Source files\STM32Cube HAL\GPIO">
      <UniqueIdentifier>{24a6e32d-8b9d-48f8-a08c-1f4cefd32aeb}</UniqueIdentifier>
    </Filter>
    <Filter Include="Source files\Device-specific files">
      <UniqueIdentifier>{2a5612d3-8772-4617-8ce4-29f79633b7cd}</UniqueIdentifier>
    </Filter>
    <Filter Include="Header files\CORE">
      <UniqueIdentifier>{9accbe31-be27-48a3-859e-50cf992da001}</UniqueIdentifier>
    </Filter>
    <Filter Include="Header files\Startup">
      <UniqueIdentifier>{36d7bd67-91df-4f2b-934c-37b2de1d28bd}</UniqueIdentifier>
    </Filter>
    <Filter Include="Header files\STM32Cube HAL">
      <UniqueIdentifier>{319f91d1-dafd-43ff-a603-19cf95f33d04}</UniqueIdentifier>
    </Filter>
    <Filter Include="Header files\STM32Cube HAL\COMMON">
      <UniqueIdentifier>{0c6d2af8-2de5-47bf-8109-23a22042ef4e}</UniqueIdentifier>
    </Filter>
    <Filter Include="Header files\STM32Cube HAL\RCC">
      <UniqueIdentifier>{e8f302b5-e06f-4765-8018-e3005aa1ddd8}</UniqueIdentifier>
    </Filter>
    <Filter Include="Header files\STM32Cube HAL\CORTEX">
      <UniqueIdentifier>{b10bf098-f97c-4be8-a453-41c2f30ad8e3}</UniqueIdentifier>
    </Filter>
    <Filter Include="Header files\STM32Cube HAL\EXTI">
      <UniqueIdentifier>{f8387a3a-9960-41c7-b456-80ab9c1025aa}</UniqueIdentifier>
    </Filter>
    <Filter Include="Header files\STM32Cube HAL\TIM">
      <UniqueIdentifier>{188682d3-f481-40de-82e9-2fe4458732e4}</UniqueIdentifier>
    </Filter>
    <Filter Include="Header files\STM32Cube HAL\UART">
      <UniqueIdentifier>{9b79a66a-01f7-41e5-ae25-9377f2868889}</UniqueIdentifier>
    </Filter>
    <Filter Include="Header files\STM32Cube HAL\DMA">
      <UniqueIdentifier>{f6aafb87-9b91-43c1-a622-5857803b1dec}</UniqueIdentifier>
    </Filter>
    <Filter Include="Header files\STM32Cube HAL\PWR">
      <UniqueIdentifier>{25ebef83-2c71-4e9d-9297-1324f9d553be}</UniqueIdentifier>
    </Filter>
    <Filter Include="Header files\STM32Cube HAL\I2C">
      <UniqueIdentifier>{a04543d8-d35b-4219-9973-dab890a09282}</UniqueIdentifier>
    </Filter>
    <Filter Include="Header files\STM32Cube HAL\FLASH">
      <UniqueIdentifier>{401ec3ea-0475-4a66-adef-835213b99990}</UniqueIdentifier>
    </Filter>
    <Filter Include="Header files\STM32Cube HAL\GPIO">
      <UniqueIdentifier>{e8e9bcd1-828e-4d2e-906a-c01eb8ae449a}</UniqueIdentifier>
    </Filter>
    <Filter Include="Header files\Device-specific files">
      <UniqueIdentifier>{a4a3fdd3-65bf-406c-b54c-e34a38838171}</UniqueIdentifier>
    </Filter>
    <Filter Include="VisualGDB settings">
      <UniqueIdentifier>{f4734248-53f3-4fb2-b3a4-12c8d5c64fa5}</UniqueIdentifier>
    </Filter>
  </ItemGroup>
  <ItemGroup>
    <ClCompile Include="Src\gpio.c">
      <Filter>Source files</Filter>
    </ClCompile>
    <ClCompile Include="Src\i2c.c">
      <Filter>Source files</Filter>
    </ClCompile>
    <ClCompile Include="Src\usart.c">
      <Filter>Source files</Filter>
    </ClCompile>
    <ClCompile Include="Src\stm32l4xx_it.c">
      <Filter>Source files</Filter>
    </ClCompile>
    <ClCompile Include="Src\stm32l4xx_hal_msp.c">
      <Filter>Source files</Filter>
    </ClCompile>
    <ClCompile Include="Src\main.c">
      <Filter>Source files</Filter>
    </ClCompile>
    <ClCompile Include="..\..\..\..\..\..\Users\Rimvis\STM32Cube\Repository\STM32Cube_FW_L4_V1.14.0\Drivers\CMSIS\Device\ST\STM32L4xx\Source\Templates\system_stm32l4xx.c">
      <Filter>Source files\Startup</Filter>
    </ClCompile>
    <ClCompile Include="..\..\..\..\..\..\Users\Rimvis\STM32Cube\Repository\STM32Cube_FW_L4_V1.14.0\Drivers\STM32L4xx_HAL_Driver\Src\stm32l4xx_hal.c">
      <Filter>Source files\STM32Cube HAL\COMMON</Filter>
    </ClCompile>
    <ClCompile Include="..\..\..\..\..\..\Users\Rimvis\STM32Cube\Repository\STM32Cube_FW_L4_V1.14.0\Drivers\STM32L4xx_HAL_Driver\Src\stm32l4xx_hal_i2c.c">
      <Filter>Source files\STM32Cube HAL\COMMON</Filter>
    </ClCompile>
    <ClCompile Include="..\..\..\..\..\..\Users\Rimvis\STM32Cube\Repository\STM32Cube_FW_L4_V1.14.0\Drivers\STM32L4xx_HAL_Driver\Src\stm32l4xx_hal_i2c_ex.c">
      <Filter>Source files\STM32Cube HAL\COMMON</Filter>
    </ClCompile>
    <ClCompile Include="..\..\..\..\..\..\Users\Rimvis\STM32Cube\Repository\STM32Cube_FW_L4_V1.14.0\Drivers\STM32L4xx_HAL_Driver\Src\stm32l4xx_hal_rcc.c">
      <Filter>Source files\STM32Cube HAL\RCC</Filter>
    </ClCompile>
    <ClCompile Include="..\..\..\..\..\..\Users\Rimvis\STM32Cube\Repository\STM32Cube_FW_L4_V1.14.0\Drivers\STM32L4xx_HAL_Driver\Src\stm32l4xx_hal_rcc_ex.c">
      <Filter>Source files\STM32Cube HAL\RCC</Filter>
    </ClCompile>
    <ClCompile Include="..\..\..\..\..\..\Users\Rimvis\STM32Cube\Repository\STM32Cube_FW_L4_V1.14.0\Drivers\STM32L4xx_HAL_Driver\Src\stm32l4xx_hal_cortex.c">
      <Filter>Source files\STM32Cube HAL\CORTEX</Filter>
    </ClCompile>
    <ClCompile Include="..\..\..\..\..\..\Users\Rimvis\STM32Cube\Repository\STM32Cube_FW_L4_V1.14.0\Drivers\STM32L4xx_HAL_Driver\Src\stm32l4xx_hal_exti.c">
      <Filter>Source files\STM32Cube HAL\EXTI</Filter>
    </ClCompile>
    <ClCompile Include="..\..\..\..\..\..\Users\Rimvis\STM32Cube\Repository\STM32Cube_FW_L4_V1.14.0\Drivers\STM32L4xx_HAL_Driver\Src\stm32l4xx_hal_tim.c">
      <Filter>Source files\STM32Cube HAL\TIM</Filter>
    </ClCompile>
    <ClCompile Include="..\..\..\..\..\..\Users\Rimvis\STM32Cube\Repository\STM32Cube_FW_L4_V1.14.0\Drivers\STM32L4xx_HAL_Driver\Src\stm32l4xx_hal_tim_ex.c">
      <Filter>Source files\STM32Cube HAL\TIM</Filter>
    </ClCompile>
    <ClCompile Include="..\..\..\..\..\..\Users\Rimvis\STM32Cube\Repository\STM32Cube_FW_L4_V1.14.0\Drivers\STM32L4xx_HAL_Driver\Src\stm32l4xx_hal_uart.c">
      <Filter>Source files\STM32Cube HAL\UART</Filter>
    </ClCompile>
    <ClCompile Include="..\..\..\..\..\..\Users\Rimvis\STM32Cube\Repository\STM32Cube_FW_L4_V1.14.0\Drivers\STM32L4xx_HAL_Driver\Src\stm32l4xx_hal_uart_ex.c">
      <Filter>Source files\STM32Cube HAL\UART</Filter>
    </ClCompile>
    <ClCompile Include="..\..\..\..\..\..\Users\Rimvis\STM32Cube\Repository\STM32Cube_FW_L4_V1.14.0\Drivers\STM32L4xx_HAL_Driver\Src\stm32l4xx_hal_dma.c">
      <Filter>Source files\STM32Cube HAL\DMA</Filter>
    </ClCompile>
    <ClCompile Include="..\..\..\..\..\..\Users\Rimvis\STM32Cube\Repository\STM32Cube_FW_L4_V1.14.0\Drivers\STM32L4xx_HAL_Driver\Src\stm32l4xx_hal_dma_ex.c">
      <Filter>Source files\STM32Cube HAL\DMA</Filter>
    </ClCompile>
    <ClCompile Include="..\..\..\..\..\..\Users\Rimvis\STM32Cube\Repository\STM32Cube_FW_L4_V1.14.0\Drivers\STM32L4xx_HAL_Driver\Src\stm32l4xx_hal_pwr.c">
      <Filter>Source files\STM32Cube HAL\PWR</Filter>
    </ClCompile>
    <ClCompile Include="..\..\..\..\..\..\Users\Rimvis\STM32Cube\Repository\STM32Cube_FW_L4_V1.14.0\Drivers\STM32L4xx_HAL_Driver\Src\stm32l4xx_hal_pwr_ex.c">
      <Filter>Source files\STM32Cube HAL\PWR</Filter>
    </ClCompile>
    <ClCompile Include="..\..\..\..\..\..\Users\Rimvis\STM32Cube\Repository\STM32Cube_FW_L4_V1.14.0\Drivers\STM32L4xx_HAL_Driver\Src\stm32l4xx_hal_flash.c">
      <Filter>Source files\STM32Cube HAL\FLASH</Filter>
    </ClCompile>
    <ClCompile Include="..\..\..\..\..\..\Users\Rimvis\STM32Cube\Repository\STM32Cube_FW_L4_V1.14.0\Drivers\STM32L4xx_HAL_Driver\Src\stm32l4xx_hal_flash_ex.c">
      <Filter>Source files\STM32Cube HAL\FLASH</Filter>
    </ClCompile>
    <ClCompile Include="..\..\..\..\..\..\Users\Rimvis\STM32Cube\Repository\STM32Cube_FW_L4_V1.14.0\Drivers\STM32L4xx_HAL_Driver\Src\stm32l4xx_hal_flash_ramfunc.c">
      <Filter>Source files\STM32Cube HAL\FLASH</Filter>
    </ClCompile>
    <ClCompile Include="..\..\..\..\..\..\Users\Rimvis\STM32Cube\Repository\STM32Cube_FW_L4_V1.14.0\Drivers\STM32L4xx_HAL_Driver\Src\stm32l4xx_hal_gpio.c">
      <Filter>Source files\STM32Cube HAL\GPIO</Filter>
    </ClCompile>
    <None Include="stm32.props">
      <Filter>Source files\Device-specific files</Filter>
    </None>
    <ClCompile Include="$(BSP_ROOT)\STM32L4xxxx\StartupFiles\startup_stm32l432xx.c">
      <Filter>Source files\Device-specific files</Filter>
    </ClCompile>
    <ClInclude Include="Inc\gpio.h">
      <Filter>Header files</Filter>
    </ClInclude>
    <ClInclude Include="Inc\i2c.h">
      <Filter>Header files</Filter>
    </ClInclude>
    <ClInclude Include="Inc\usart.h">
      <Filter>Header files</Filter>
    </ClInclude>
    <ClInclude Include="Inc\stm32l4xx_it.h">
      <Filter>Header files</Filter>
    </ClInclude>
    <ClInclude Include="Inc\stm32l4xx_hal_conf.h">
      <Filter>Header files</Filter>
    </ClInclude>
    <ClInclude Include="Inc\main.h">
      <Filter>Header files</Filter>
    </ClInclude>
    <ClInclude Include="..\..\..\..\..\..\Users\Rimvis\STM32Cube\Repository\STM32Cube_FW_L4_V1.14.0\Drivers\CMSIS\Include\core_cm4.h">
      <Filter>Header files\CORE</Filter>
    </ClInclude>
    <ClInclude Include="..\..\..\..\..\..\Users\Rimvis\STM32Cube\Repository\STM32Cube_FW_L4_V1.14.0\Drivers\CMSIS\Device\ST\STM32L4xx\Include\stm32l4xx.h">
      <Filter>Header files\Startup</Filter>
    </ClInclude>
    <ClInclude Include="..\..\..\..\..\..\Users\Rimvis\STM32Cube\Repository\STM32Cube_FW_L4_V1.14.0\Drivers\CMSIS\Device\ST\STM32L4xx\Include\system_stm32l4xx.h">
      <Filter>Header files\Startup</Filter>
    </ClInclude>
    <ClInclude Include="..\..\..\..\..\..\Users\Rimvis\STM32Cube\Repository\STM32Cube_FW_L4_V1.14.0\Drivers\STM32L4xx_HAL_Driver\Inc\stm32l4xx_hal.h">
      <Filter>Header files\STM32Cube HAL\COMMON</Filter>
    </ClInclude>
    <ClInclude Include="..\..\..\..\..\..\Users\Rimvis\STM32Cube\Repository\STM32Cube_FW_L4_V1.14.0\Drivers\STM32L4xx_HAL_Driver\Inc\stm32l4xx_hal_def.h">
      <Filter>Header files\STM32Cube HAL\COMMON</Filter>
    </ClInclude>
    <ClInclude Include="..\..\..\..\..\..\Users\Rimvis\STM32Cube\Repository\STM32Cube_FW_L4_V1.14.0\Drivers\STM32L4xx_HAL_Driver\Inc\Legacy\stm32_hal_legacy.h">
      <Filter>Header files\STM32Cube HAL\COMMON</Filter>
    </ClInclude>
    <ClInclude Include="..\..\..\..\..\..\Users\Rimvis\STM32Cube\Repository\STM32Cube_FW_L4_V1.14.0\Drivers\STM32L4xx_HAL_Driver\Inc\stm32l4xx_hal_i2c.h">
      <Filter>Header files\STM32Cube HAL\COMMON</Filter>
    </ClInclude>
    <ClInclude Include="..\..\..\..\..\..\Users\Rimvis\STM32Cube\Repository\STM32Cube_FW_L4_V1.14.0\Drivers\STM32L4xx_HAL_Driver\Inc\stm32l4xx_hal_i2c_ex.h">
      <Filter>Header files\STM32Cube HAL\COMMON</Filter>
    </ClInclude>
    <ClInclude Include="..\..\..\..\..\..\Users\Rimvis\STM32Cube\Repository\STM32Cube_FW_L4_V1.14.0\Drivers\STM32L4xx_HAL_Driver\Inc\stm32l4xx_hal_rcc.h">
      <Filter>Header files\STM32Cube HAL\RCC</Filter>
    </ClInclude>
    <ClInclude Include="..\..\..\..\..\..\Users\Rimvis\STM32Cube\Repository\STM32Cube_FW_L4_V1.14.0\Drivers\STM32L4xx_HAL_Driver\Inc\stm32l4xx_hal_rcc_ex.h">
      <Filter>Header files\STM32Cube HAL\RCC</Filter>
    </ClInclude>
    <ClInclude Include="..\..\..\..\..\..\Users\Rimvis\STM32Cube\Repository\STM32Cube_FW_L4_V1.14.0\Drivers\STM32L4xx_HAL_Driver\Inc\stm32l4xx_hal_cortex.h">
      <Filter>Header files\STM32Cube HAL\CORTEX</Filter>
    </ClInclude>
    <ClInclude Include="..\..\..\..\..\..\Users\Rimvis\STM32Cube\Repository\STM32Cube_FW_L4_V1.14.0\Drivers\STM32L4xx_HAL_Driver\Inc\stm32l4xx_hal_exti.h">
      <Filter>Header files\STM32Cube HAL\EXTI</Filter>
    </ClInclude>
    <ClInclude Include="..\..\..\..\..\..\Users\Rimvis\STM32Cube\Repository\STM32Cube_FW_L4_V1.14.0\Drivers\STM32L4xx_HAL_Driver\Inc\stm32l4xx_hal_tim.h">
      <Filter>Header files\STM32Cube HAL\TIM</Filter>
    </ClInclude>
    <ClInclude Include="..\..\..\..\..\..\Users\Rimvis\STM32Cube\Repository\STM32Cube_FW_L4_V1.14.0\Drivers\STM32L4xx_HAL_Driver\Inc\stm32l4xx_hal_tim_ex.h">
      <Filter>Header files\STM32Cube HAL\TIM</Filter>
    </ClInclude>
    <ClInclude Include="..\..\..\..\..\..\Users\Rimvis\STM32Cube\Repository\STM32Cube_FW_L4_V1.14.0\Drivers\STM32L4xx_HAL_Driver\Inc\stm32l4xx_hal_uart.h">
      <Filter>Header files\STM32Cube HAL\UART</Filter>
    </ClInclude>
    <ClInclude Include="..\..\..\..\..\..\Users\Rimvis\STM32Cube\Repository\STM32Cube_FW_L4_V1.14.0\Drivers\STM32L4xx_HAL_Driver\Inc\stm32l4xx_hal_uart_ex.h">
      <Filter>Header files\STM32Cube HAL\UART</Filter>
    </ClInclude>
    <ClInclude Include="..\..\..\..\..\..\Users\Rimvis\STM32Cube\Repository\STM32Cube_FW_L4_V1.14.0\Drivers\STM32L4xx_HAL_Driver\Inc\stm32l4xx_hal_dma.h">
      <Filter>Header files\STM32Cube HAL\DMA</Filter>
    </ClInclude>
    <ClInclude Include="..\..\..\..\..\..\Users\Rimvis\STM32Cube\Repository\STM32Cube_FW_L4_V1.14.0\Drivers\STM32L4xx_HAL_Driver\Inc\stm32l4xx_hal_dma_ex.h">
      <Filter>Header files\STM32Cube HAL\DMA</Filter>
    </ClInclude>
    <ClInclude Include="..\..\..\..\..\..\Users\Rimvis\STM32Cube\Repository\STM32Cube_FW_L4_V1.14.0\Drivers\STM32L4xx_HAL_Driver\Inc\stm32l4xx_hal_pwr.h">
      <Filter>Header files\STM32Cube HAL\PWR</Filter>
    </ClInclude>
    <ClInclude Include="..\..\..\..\..\..\Users\Rimvis\STM32Cube\Repository\STM32Cube_FW_L4_V1.14.0\Drivers\STM32L4xx_HAL_Driver\Inc\stm32l4xx_hal_pwr_ex.h">
      <Filter>Header files\STM32Cube HAL\PWR</Filter>
    </ClInclude>
    <ClInclude Include="..\..\..\..\..\..\Users\Rimvis\STM32Cube\Repository\STM32Cube_FW_L4_V1.14.0\Drivers\STM32L4xx_HAL_Driver\Inc\stm32l4xx_hal_flash.h">
      <Filter>Header files\STM32Cube HAL\FLASH</Filter>
    </ClInclude>
    <ClInclude Include="..\..\..\..\..\..\Users\Rimvis\STM32Cube\Repository\STM32Cube_FW_L4_V1.14.0\Drivers\STM32L4xx_HAL_Driver\Inc\stm32l4xx_hal_flash_ex.h">
      <Filter>Header files\STM32Cube HAL\FLASH</Filter>
    </ClInclude>
    <ClInclude Include="..\..\..\..\..\..\Users\Rimvis\STM32Cube\Repository\STM32Cube_FW_L4_V1.14.0\Drivers\STM32L4xx_HAL_Driver\Inc\stm32l4xx_hal_flash_ramfunc.h">
      <Filter>Header files\STM32Cube HAL\FLASH</Filter>
    </ClInclude>
    <ClInclude Include="..\..\..\..\..\..\Users\Rimvis\STM32Cube\Repository\STM32Cube_FW_L4_V1.14.0\Drivers\STM32L4xx_HAL_Driver\Inc\stm32l4xx_hal_gpio.h">
      <Filter>Header files\STM32Cube HAL\GPIO</Filter>
    </ClInclude>
    <ClInclude Include="..\..\..\..\..\..\Users\Rimvis\STM32Cube\Repository\STM32Cube_FW_L4_V1.14.0\Drivers\STM32L4xx_HAL_Driver\Inc\stm32l4xx_hal_gpio_ex.h">
      <Filter>Header files\STM32Cube HAL\GPIO</Filter>
    </ClInclude>
    <None Include="L432-V1-Debug.vgdbsettings">
      <Filter>VisualGDB settings</Filter>
    </None>
    <None Include="L432-V1-Release.vgdbsettings">
      <Filter>VisualGDB settings</Filter>
    </None>
    <None Include="stm32.xml">
      <Filter>VisualGDB settings</Filter>
    </None>
    <ClCompile Include="Src\ssd1306.c">
      <Filter>Source files</Filter>
    </ClCompile>
    <ClCompile Include="Src\ssd1306_fonts.c">
      <Filter>Source files</Filter>
    </ClCompile>
    <ClCompile Include="data.c">
      <Filter>Source files</Filter>
    </ClCompile>
    <ClCompile Include="screen.c">
      <Filter>Source files</Filter>
    </ClCompile>
    <ClCompile Include="Src\mcp23017.c">
      <Filter>Source files</Filter>
    </ClCompile>
  </ItemGroup>
  <ItemGroup>
    <ClInclude Include="Inc\ssd1306.h">
      <Filter>Header files</Filter>
    </ClInclude>
    <ClInclude Include="Inc\ssd1306_fonts.h">
      <Filter>Header files</Filter>
    </ClInclude>
    <ClInclude Include="screen.h">
      <Filter>Header files</Filter>
    </ClInclude>
    <ClInclude Include="data.h">
      <Filter>Header files</Filter>
    </ClInclude>
    <ClInclude Include="Inc\mcp23017.h">
      <Filter>Header files</Filter>
    </ClInclude>
  </ItemGroup>
</Project>